
Microsoft Visual Studio Solution File, Format Version 12.00
# Visual Studio for Mac
Project("{FAE04EC0-301F-11D3-BF4B-00C04F79EFBC}") = "Le_Quiz", "Le_Quiz.csproj", "{1B569FD9-A3F7-408A-FDDD-94B45AB7B684}"
EndProject
Project("{FAE04EC0-301F-11D3-BF4B-00C04F79EFBC}") = "Le_Quiz.Editor", "Le_Quiz.Editor.csproj", "{BFCF529A-B004-8CB7-84BE-F3ACCFBCC30C}"
EndProject
Global
	GlobalSection(SolutionConfigurationPlatforms) = preSolution
		Debug|Any CPU = Debug|Any CPU
		Release|Any CPU = Release|Any CPU
	EndGlobalSection
	GlobalSection(ProjectConfigurationPlatforms) = postSolution
		{1B569FD9-A3F7-408A-FDDD-94B45AB7B684}.Debug|Any CPU.ActiveCfg = Debug|Any CPU
		{1B569FD9-A3F7-408A-FDDD-94B45AB7B684}.Debug|Any CPU.Build.0 = Debug|Any CPU
		{1B569FD9-A3F7-408A-FDDD-94B45AB7B684}.Release|Any CPU.ActiveCfg = Release|Any CPU
		{1B569FD9-A3F7-408A-FDDD-94B45AB7B684}.Release|Any CPU.Build.0 = Release|Any CPU
		{BFCF529A-B004-8CB7-84BE-F3ACCFBCC30C}.Debug|Any CPU.ActiveCfg = Debug|Any CPU
		{BFCF529A-B004-8CB7-84BE-F3ACCFBCC30C}.Debug|Any CPU.Build.0 = Debug|Any CPU
		{BFCF529A-B004-8CB7-84BE-F3ACCFBCC30C}.Release|Any CPU.ActiveCfg = Release|Any CPU
		{BFCF529A-B004-8CB7-84BE-F3ACCFBCC30C}.Release|Any CPU.Build.0 = Release|Any CPU
	EndGlobalSection
	GlobalSection(SolutionProperties) = preSolution
		HideSolutionNode = FALSE
	EndGlobalSection
EndGlobal
